
Microsoft Visual Studio Solution File, Format Version 12.00
# Visual Studio Version 17
VisualStudioVersion = 17.11.35327.3
MinimumVisualStudioVersion = 10.0.40219.1
Project("{FAE04EC0-301F-11D3-BF4B-00C04F79EFBC}") = "RssFeedWebhook", "RssFeedWebhook.csproj", "{82110481-182A-4F8F-873D-54F1DA7AEFEE}"
EndProject
Global
	GlobalSection(SolutionConfigurationPlatforms) = preSolution
		Debug|Any CPU = Debug|Any CPU
		Release|Any CPU = Release|Any CPU
	EndGlobalSection
	GlobalSection(ProjectConfigurationPlatforms) = postSolution
		{82110481-182A-4F8F-873D-54F1DA7AEFEE}.Debug|Any CPU.ActiveCfg = Debug|Any CPU
		{82110481-182A-4F8F-873D-54F1DA7AEFEE}.Debug|Any CPU.Build.0 = Debug|Any CPU
		{82110481-182A-4F8F-873D-54F1DA7AEFEE}.Release|Any CPU.ActiveCfg = Release|Any CPU
		{82110481-182A-4F8F-873D-54F1DA7AEFEE}.Release|Any CPU.Build.0 = Release|Any CPU
	EndGlobalSection
	GlobalSection(SolutionProperties) = preSolution
		HideSolutionNode = FALSE
	EndGlobalSection
	GlobalSection(ExtensibilityGlobals) = postSolution
		SolutionGuid = {12FDD69B-23FA-4A98-AB9B-EC4BD1C6F580}
	EndGlobalSection
EndGlobal
